
Microsoft Visual Studio Solution File, Format Version 12.00
# Visual Studio 15
VisualStudioVersion = 15.0.28307.168
MinimumVisualStudioVersion = 10.0.40219.1
Project("{FAE04EC0-301F-11D3-BF4B-00C04F79EFBC}") = "MountSend", "MountSend\MountSend.csproj", "{609A67F4-BB37-448A-BD52-E1F24CE445BA}"
EndProject
Project("{FAE04EC0-301F-11D3-BF4B-00C04F79EFBC}") = "MountSendLib", "MountSendLib\MountSendLib.csproj", "{86C20107-13C6-427B-B011-6EB924871A74}"
EndProject
Project("{2150E333-8FDC-42A3-9474-1A3956D46DE8}") = "Documentation", "Documentation", "{FEE97E01-7675-4FA3-9BB2-EE70531FFFD4}"
	ProjectSection(SolutionItems) = preProject
		LICENSE.md = LICENSE.md
		README.md = README.md
	EndProjectSection
EndProject
Project("{2150E333-8FDC-42A3-9474-1A3956D46DE8}") = ".github", ".github", "{F141C086-C9F6-4318-B9E6-0B01BB3A0CAF}"
	ProjectSection(SolutionItems) = preProject
		.github\pr-labeler.yml = .github\pr-labeler.yml
		.github\GitVersion.yml = .github\GitVersion.yml
		.github\GitVersion-Release.yml = .github\GitVersion-Release.yml
		.github\release-changelog-builder-configuration.json = .github\release-changelog-builder-configuration.json
	EndProjectSection
EndProject
Project("{2150E333-8FDC-42A3-9474-1A3956D46DE8}") = "workflows", "workflows", "{72F8571D-56AF-48AF-A5F0-414018F0DAE5}"
	ProjectSection(SolutionItems) = preProject
		.github\workflows\main.yml = .github\workflows\main.yml
		.github\workflows\Pull-Request-Labeler.yml = .github\workflows\Pull-Request-Labeler.yml
		.github\workflows\Pull-Request.yml = .github\workflows\Pull-Request.yml
		.github\workflows\Pre-Version.yml = .github\workflows\Pre-Version.yml
		.github\workflows\Release.yml = .github\workflows\Release.yml
		.github\workflows\sw_build.yml = .github\workflows\sw_build.yml
		.github\workflows\sw_tag-release.yml = .github\workflows\sw_tag-release.yml
	EndProjectSection
EndProject
Global
	GlobalSection(SolutionConfigurationPlatforms) = preSolution
		Debug|Any CPU = Debug|Any CPU
		Release|Any CPU = Release|Any CPU
	EndGlobalSection
	GlobalSection(ProjectConfigurationPlatforms) = postSolution
		{609A67F4-BB37-448A-BD52-E1F24CE445BA}.Debug|Any CPU.ActiveCfg = Debug|Any CPU
		{609A67F4-BB37-448A-BD52-E1F24CE445BA}.Debug|Any CPU.Build.0 = Debug|Any CPU
		{609A67F4-BB37-448A-BD52-E1F24CE445BA}.Release|Any CPU.ActiveCfg = Release|Any CPU
		{609A67F4-BB37-448A-BD52-E1F24CE445BA}.Release|Any CPU.Build.0 = Release|Any CPU
		{86C20107-13C6-427B-B011-6EB924871A74}.Debug|Any CPU.ActiveCfg = Debug|Any CPU
		{86C20107-13C6-427B-B011-6EB924871A74}.Debug|Any CPU.Build.0 = Debug|Any CPU
		{86C20107-13C6-427B-B011-6EB924871A74}.Release|Any CPU.ActiveCfg = Release|Any CPU
		{86C20107-13C6-427B-B011-6EB924871A74}.Release|Any CPU.Build.0 = Release|Any CPU
	EndGlobalSection
	GlobalSection(SolutionProperties) = preSolution
		HideSolutionNode = FALSE
	EndGlobalSection
	GlobalSection(ExtensibilityGlobals) = postSolution
		SolutionGuid = {0687883E-3E64-474A-9BE0-074FDD86A554}
	EndGlobalSection
	GlobalSection(NestedProjects) = preSolution
		{72F8571D-56AF-48AF-A5F0-414018F0DAE5} = {F141C086-C9F6-4318-B9E6-0B01BB3A0CAF}
	EndGlobalSection
EndGlobal
