
Microsoft Visual Studio Solution File, Format Version 12.00
# Visual Studio 15
VisualStudioVersion = 15.0.28307.168
MinimumVisualStudioVersion = 10.0.40219.1
Project("{FAE04EC0-301F-11D3-BF4B-00C04F79EFBC}") = "MountSend", "MountSend\MountSend.csproj", "{609A67F4-BB37-448A-BD52-E1F24CE445BA}"
EndProject
Project("{FAE04EC0-301F-11D3-BF4B-00C04F79EFBC}") = "MountSendLib", "MountSendLib\MountSendLib.csproj", "{86C20107-13C6-427B-B011-6EB924871A74}"
EndProject
Project("{2150E333-8FDC-42A3-9474-1A3956D46DE8}") = "Documentation", "Documentation", "{FEE97E01-7675-4FA3-9BB2-EE70531FFFD4}"
	ProjectSection(SolutionItems) = preProject
		LICENSE = LICENSE
		README.md = README.md
	EndProjectSection
EndProject
Global
	GlobalSection(SolutionConfigurationPlatforms) = preSolution
		Debug|Any CPU = Debug|Any CPU
		Release|Any CPU = Release|Any CPU
	EndGlobalSection
	GlobalSection(ProjectConfigurationPlatforms) = postSolution
		{609A67F4-BB37-448A-BD52-E1F24CE445BA}.Debug|Any CPU.ActiveCfg = Debug|Any CPU
		{609A67F4-BB37-448A-BD52-E1F24CE445BA}.Debug|Any CPU.Build.0 = Debug|Any CPU
		{609A67F4-BB37-448A-BD52-E1F24CE445BA}.Release|Any CPU.ActiveCfg = Release|Any CPU
		{609A67F4-BB37-448A-BD52-E1F24CE445BA}.Release|Any CPU.Build.0 = Release|Any CPU
		{86C20107-13C6-427B-B011-6EB924871A74}.Debug|Any CPU.ActiveCfg = Debug|Any CPU
		{86C20107-13C6-427B-B011-6EB924871A74}.Debug|Any CPU.Build.0 = Debug|Any CPU
		{86C20107-13C6-427B-B011-6EB924871A74}.Release|Any CPU.ActiveCfg = Release|Any CPU
		{86C20107-13C6-427B-B011-6EB924871A74}.Release|Any CPU.Build.0 = Release|Any CPU
	EndGlobalSection
	GlobalSection(SolutionProperties) = preSolution
		HideSolutionNode = FALSE
	EndGlobalSection
	GlobalSection(ExtensibilityGlobals) = postSolution
		SolutionGuid = {0687883E-3E64-474A-9BE0-074FDD86A554}
	EndGlobalSection
EndGlobal
